// !$*UTF8*$!
{
	archiveVersion = 1;
	classes = {
	};
	objectVersion = 56;
	objects = {

/* Begin PBXBuildFile section */
		5C95C43FF0BF04A6F0E6DE87 /* Pods_TunerTest.framework in Frameworks */ = {isa = PBXBuildFile; fileRef = 5B8B468D14261004FF03ADB0 /* Pods_TunerTest.framework */; };
		7CB20DF929F127DC0030424D /* TunerTestApp.swift in Sources */ = {isa = PBXBuildFile; fileRef = 7CB20DF829F127DC0030424D /* TunerTestApp.swift */; };
		7CB20DFB29F127DC0030424D /* MainView.swift in Sources */ = {isa = PBXBuildFile; fileRef = 7CB20DFA29F127DC0030424D /* MainView.swift */; };
		7CB20DFD29F127DE0030424D /* Assets.xcassets in Resources */ = {isa = PBXBuildFile; fileRef = 7CB20DFC29F127DE0030424D /* Assets.xcassets */; };
		7CB20E0029F127DE0030424D /* Preview Assets.xcassets in Resources */ = {isa = PBXBuildFile; fileRef = 7CB20DFF29F127DE0030424D /* Preview Assets.xcassets */; };
		7CB20E0729F12E550030424D /* PitchData.swift in Sources */ = {isa = PBXBuildFile; fileRef = 7CB20E0629F12E550030424D /* PitchData.swift */; };
		7CEB26CE2A209D4900FCD9BC /* WaveFormView.swift in Sources */ = {isa = PBXBuildFile; fileRef = 7CEB26CD2A209D4800FCD9BC /* WaveFormView.swift */; };
		7CEB26D22A20AF4A00FCD9BC /* NotesView.swift in Sources */ = {isa = PBXBuildFile; fileRef = 7CEB26D12A20AF4A00FCD9BC /* NotesView.swift */; };
		7CEB26D72A20BCFD00FCD9BC /* Wave.swift in Sources */ = {isa = PBXBuildFile; fileRef = 7CEB26D62A20BCFD00FCD9BC /* Wave.swift */; };
/* End PBXBuildFile section */

/* Begin PBXFileReference section */
		335DC8231C122206EE0E078A /* Pods-TunerTest.debug.xcconfig */ = {isa = PBXFileReference; includeInIndex = 1; lastKnownFileType = text.xcconfig; name = "Pods-TunerTest.debug.xcconfig"; path = "Target Support Files/Pods-TunerTest/Pods-TunerTest.debug.xcconfig"; sourceTree = "<group>"; };
		5B8B468D14261004FF03ADB0 /* Pods_TunerTest.framework */ = {isa = PBXFileReference; explicitFileType = wrapper.framework; includeInIndex = 0; path = Pods_TunerTest.framework; sourceTree = BUILT_PRODUCTS_DIR; };
		67E1F7C6A44FAE2335118AA0 /* Pods-TunerTest.release.xcconfig */ = {isa = PBXFileReference; includeInIndex = 1; lastKnownFileType = text.xcconfig; name = "Pods-TunerTest.release.xcconfig"; path = "Target Support Files/Pods-TunerTest/Pods-TunerTest.release.xcconfig"; sourceTree = "<group>"; };
		7CB20DF529F127DC0030424D /* TunerTest.app */ = {isa = PBXFileReference; explicitFileType = wrapper.application; includeInIndex = 0; path = TunerTest.app; sourceTree = BUILT_PRODUCTS_DIR; };
		7CB20DF829F127DC0030424D /* TunerTestApp.swift */ = {isa = PBXFileReference; lastKnownFileType = sourcecode.swift; path = TunerTestApp.swift; sourceTree = "<group>"; };
		7CB20DFA29F127DC0030424D /* MainView.swift */ = {isa = PBXFileReference; lastKnownFileType = sourcecode.swift; path = MainView.swift; sourceTree = "<group>"; };
		7CB20DFC29F127DE0030424D /* Assets.xcassets */ = {isa = PBXFileReference; lastKnownFileType = folder.assetcatalog; path = Assets.xcassets; sourceTree = "<group>"; };
		7CB20DFF29F127DE0030424D /* Preview Assets.xcassets */ = {isa = PBXFileReference; lastKnownFileType = folder.assetcatalog; path = "Preview Assets.xcassets"; sourceTree = "<group>"; };
		7CB20E0629F12E550030424D /* PitchData.swift */ = {isa = PBXFileReference; lastKnownFileType = sourcecode.swift; path = PitchData.swift; sourceTree = "<group>"; };
		7CEB26CD2A209D4800FCD9BC /* WaveFormView.swift */ = {isa = PBXFileReference; lastKnownFileType = sourcecode.swift; path = WaveFormView.swift; sourceTree = "<group>"; };
		7CEB26D12A20AF4A00FCD9BC /* NotesView.swift */ = {isa = PBXFileReference; lastKnownFileType = sourcecode.swift; path = NotesView.swift; sourceTree = "<group>"; };
		7CEB26D62A20BCFD00FCD9BC /* Wave.swift */ = {isa = PBXFileReference; lastKnownFileType = sourcecode.swift; path = Wave.swift; sourceTree = "<group>"; };
/* End PBXFileReference section */

/* Begin PBXFrameworksBuildPhase section */
		7CB20DF229F127DC0030424D /* Frameworks */ = {
			isa = PBXFrameworksBuildPhase;
			buildActionMask = 2147483647;
			files = (
				5C95C43FF0BF04A6F0E6DE87 /* Pods_TunerTest.framework in Frameworks */,
			);
			runOnlyForDeploymentPostprocessing = 0;
		};
/* End PBXFrameworksBuildPhase section */

/* Begin PBXGroup section */
		1698BABEAA9ED39FCCFE3BB4 /* Pods */ = {
			isa = PBXGroup;
			children = (
				335DC8231C122206EE0E078A /* Pods-TunerTest.debug.xcconfig */,
				67E1F7C6A44FAE2335118AA0 /* Pods-TunerTest.release.xcconfig */,
			);
			path = Pods;
			sourceTree = "<group>";
		};
		7CB20DEC29F127DC0030424D = {
			isa = PBXGroup;
			children = (
				7CB20DF729F127DC0030424D /* TunerTest */,
				7CB20DF629F127DC0030424D /* Products */,
				1698BABEAA9ED39FCCFE3BB4 /* Pods */,
				AD2D390C55D6B2F18E321F40 /* Frameworks */,
			);
			sourceTree = "<group>";
		};
		7CB20DF629F127DC0030424D /* Products */ = {
			isa = PBXGroup;
			children = (
				7CB20DF529F127DC0030424D /* TunerTest.app */,
			);
			name = Products;
			sourceTree = "<group>";
		};
		7CB20DF729F127DC0030424D /* TunerTest */ = {
			isa = PBXGroup;
			children = (
				7CB20DF829F127DC0030424D /* TunerTestApp.swift */,
				7CEB26D42A20BC7300FCD9BC /* Views */,
				7CEB26D52A20BC7E00FCD9BC /* Models */,
				7CB20DFE29F127DE0030424D /* Preview Content */,
				7CEB26D32A20BC2C00FCD9BC /* Support Files */,
			);
			path = TunerTest;
			sourceTree = "<group>";
		};
		7CB20DFE29F127DE0030424D /* Preview Content */ = {
			isa = PBXGroup;
			children = (
				7CB20DFF29F127DE0030424D /* Preview Assets.xcassets */,
			);
			path = "Preview Content";
			sourceTree = "<group>";
		};
		7CEB26D32A20BC2C00FCD9BC /* Support Files */ = {
			isa = PBXGroup;
			children = (
				7CB20DFC29F127DE0030424D /* Assets.xcassets */,
				7CEB26D12A20AF4A00FCD9BC /* NotesView.swift */,
			);
			path = "Support Files";
			sourceTree = "<group>";
		};
		7CEB26D42A20BC7300FCD9BC /* Views */ = {
			isa = PBXGroup;
			children = (
				7CB20DFA29F127DC0030424D /* MainView.swift */,
				7CEB26CD2A209D4800FCD9BC /* WaveFormView.swift */,
			);
			path = Views;
			sourceTree = "<group>";
		};
		7CEB26D52A20BC7E00FCD9BC /* Models */ = {
			isa = PBXGroup;
			children = (
				7CB20E0629F12E550030424D /* PitchData.swift */,
				7CEB26D62A20BCFD00FCD9BC /* Wave.swift */,
			);
			path = Models;
			sourceTree = "<group>";
		};
		AD2D390C55D6B2F18E321F40 /* Frameworks */ = {
			isa = PBXGroup;
			children = (
				5B8B468D14261004FF03ADB0 /* Pods_TunerTest.framework */,
			);
			name = Frameworks;
			sourceTree = "<group>";
		};
/* End PBXGroup section */

/* Begin PBXNativeTarget section */
		7CB20DF429F127DC0030424D /* TunerTest */ = {
			isa = PBXNativeTarget;
			buildConfigurationList = 7CB20E0329F127DE0030424D /* Build configuration list for PBXNativeTarget "TunerTest" */;
			buildPhases = (
				292DA7B5932819D8D22B4E34 /* [CP] Check Pods Manifest.lock */,
				7CB20DF129F127DC0030424D /* Sources */,
				7CB20DF229F127DC0030424D /* Frameworks */,
				7CB20DF329F127DC0030424D /* Resources */,
				EAE3595EEEA9366A0C8B6D84 /* [CP] Embed Pods Frameworks */,
			);
			buildRules = (
			);
			dependencies = (
			);
			name = TunerTest;
			productName = TunerTest;
			productReference = 7CB20DF529F127DC0030424D /* TunerTest.app */;
			productType = "com.apple.product-type.application";
		};
/* End PBXNativeTarget section */

/* Begin PBXProject section */
		7CB20DED29F127DC0030424D /* Project object */ = {
			isa = PBXProject;
			attributes = {
				BuildIndependentTargetsInParallel = 1;
				LastSwiftUpdateCheck = 1430;
				LastUpgradeCheck = 1430;
				TargetAttributes = {
					7CB20DF429F127DC0030424D = {
						CreatedOnToolsVersion = 14.3;
					};
				};
			};
			buildConfigurationList = 7CB20DF029F127DC0030424D /* Build configuration list for PBXProject "TunerTest" */;
			compatibilityVersion = "Xcode 14.0";
			developmentRegion = en;
			hasScannedForEncodings = 0;
			knownRegions = (
				en,
				Base,
			);
			mainGroup = 7CB20DEC29F127DC0030424D;
			productRefGroup = 7CB20DF629F127DC0030424D /* Products */;
			projectDirPath = "";
			projectRoot = "";
			targets = (
				7CB20DF429F127DC0030424D /* TunerTest */,
			);
		};
/* End PBXProject section */

/* Begin PBXResourcesBuildPhase section */
		7CB20DF329F127DC0030424D /* Resources */ = {
			isa = PBXResourcesBuildPhase;
			buildActionMask = 2147483647;
			files = (
				7CB20E0029F127DE0030424D /* Preview Assets.xcassets in Resources */,
				7CB20DFD29F127DE0030424D /* Assets.xcassets in Resources */,
			);
			runOnlyForDeploymentPostprocessing = 0;
		};
/* End PBXResourcesBuildPhase section */

/* Begin PBXShellScriptBuildPhase section */
		292DA7B5932819D8D22B4E34 /* [CP] Check Pods Manifest.lock */ = {
			isa = PBXShellScriptBuildPhase;
			buildActionMask = 2147483647;
			files = (
			);
			inputFileListPaths = (
			);
			inputPaths = (
				"${PODS_PODFILE_DIR_PATH}/Podfile.lock",
				"${PODS_ROOT}/Manifest.lock",
			);
			name = "[CP] Check Pods Manifest.lock";
			outputFileListPaths = (
			);
			outputPaths = (
				"$(DERIVED_FILE_DIR)/Pods-TunerTest-checkManifestLockResult.txt",
			);
			runOnlyForDeploymentPostprocessing = 0;
			shellPath = /bin/sh;
			shellScript = "diff \"${PODS_PODFILE_DIR_PATH}/Podfile.lock\" \"${PODS_ROOT}/Manifest.lock\" > /dev/null\nif [ $? != 0 ] ; then\n    # print error to STDERR\n    echo \"error: The sandbox is not in sync with the Podfile.lock. Run 'pod install' or update your CocoaPods installation.\" >&2\n    exit 1\nfi\n# This output is used by Xcode 'outputs' to avoid re-running this script phase.\necho \"SUCCESS\" > \"${SCRIPT_OUTPUT_FILE_0}\"\n";
			showEnvVarsInLog = 0;
		};
		EAE3595EEEA9366A0C8B6D84 /* [CP] Embed Pods Frameworks */ = {
			isa = PBXShellScriptBuildPhase;
			buildActionMask = 2147483647;
			files = (
			);
			inputFileListPaths = (
				"${PODS_ROOT}/Target Support Files/Pods-TunerTest/Pods-TunerTest-frameworks-${CONFIGURATION}-input-files.xcfilelist",
			);
			name = "[CP] Embed Pods Frameworks";
			outputFileListPaths = (
				"${PODS_ROOT}/Target Support Files/Pods-TunerTest/Pods-TunerTest-frameworks-${CONFIGURATION}-output-files.xcfilelist",
			);
			runOnlyForDeploymentPostprocessing = 0;
			shellPath = /bin/sh;
			shellScript = "\"${PODS_ROOT}/Target Support Files/Pods-TunerTest/Pods-TunerTest-frameworks.sh\"\n";
			showEnvVarsInLog = 0;
		};
/* End PBXShellScriptBuildPhase section */

/* Begin PBXSourcesBuildPhase section */
		7CB20DF129F127DC0030424D /* Sources */ = {
			isa = PBXSourcesBuildPhase;
			buildActionMask = 2147483647;
			files = (
				7CEB26D72A20BCFD00FCD9BC /* Wave.swift in Sources */,
				7CEB26D22A20AF4A00FCD9BC /* NotesView.swift in Sources */,
				7CB20E0729F12E550030424D /* PitchData.swift in Sources */,
				7CB20DFB29F127DC0030424D /* MainView.swift in Sources */,
				7CEB26CE2A209D4900FCD9BC /* WaveFormView.swift in Sources */,
				7CB20DF929F127DC0030424D /* TunerTestApp.swift in Sources */,
			);
			runOnlyForDeploymentPostprocessing = 0;
		};
/* End PBXSourcesBuildPhase section */

/* Begin XCBuildConfiguration section */
		7CB20E0129F127DE0030424D /* Debug */ = {
			isa = XCBuildConfiguration;
			buildSettings = {
				ALWAYS_SEARCH_USER_PATHS = NO;
				CLANG_ANALYZER_NONNULL = YES;
				CLANG_ANALYZER_NUMBER_OBJECT_CONVERSION = YES_AGGRESSIVE;
				CLANG_CXX_LANGUAGE_STANDARD = "gnu++20";
				CLANG_ENABLE_MODULES = YES;
				CLANG_ENABLE_OBJC_ARC = YES;
				CLANG_ENABLE_OBJC_WEAK = YES;
				CLANG_WARN_BLOCK_CAPTURE_AUTORELEASING = YES;
				CLANG_WARN_BOOL_CONVERSION = YES;
				CLANG_WARN_COMMA = YES;
				CLANG_WARN_CONSTANT_CONVERSION = YES;
				CLANG_WARN_DEPRECATED_OBJC_IMPLEMENTATIONS = YES;
				CLANG_WARN_DIRECT_OBJC_ISA_USAGE = YES_ERROR;
				CLANG_WARN_DOCUMENTATION_COMMENTS = YES;
				CLANG_WARN_EMPTY_BODY = YES;
				CLANG_WARN_ENUM_CONVERSION = YES;
				CLANG_WARN_INFINITE_RECURSION = YES;
				CLANG_WARN_INT_CONVERSION = YES;
				CLANG_WARN_NON_LITERAL_NULL_CONVERSION = YES;
				CLANG_WARN_OBJC_IMPLICIT_RETAIN_SELF = YES;
				CLANG_WARN_OBJC_LITERAL_CONVERSION = YES;
				CLANG_WARN_OBJC_ROOT_CLASS = YES_ERROR;
				CLANG_WARN_QUOTED_INCLUDE_IN_FRAMEWORK_HEADER = YES;
				CLANG_WARN_RANGE_LOOP_ANALYSIS = YES;
				CLANG_WARN_STRICT_PROTOTYPES = YES;
				CLANG_WARN_SUSPICIOUS_MOVE = YES;
				CLANG_WARN_UNGUARDED_AVAILABILITY = YES_AGGRESSIVE;
				CLANG_WARN_UNREACHABLE_CODE = YES;
				CLANG_WARN__DUPLICATE_METHOD_MATCH = YES;
				COPY_PHASE_STRIP = NO;
				DEBUG_INFORMATION_FORMAT = dwarf;
				ENABLE_STRICT_OBJC_MSGSEND = YES;
				ENABLE_TESTABILITY = YES;
				GCC_C_LANGUAGE_STANDARD = gnu11;
				GCC_DYNAMIC_NO_PIC = NO;
				GCC_NO_COMMON_BLOCKS = YES;
				GCC_OPTIMIZATION_LEVEL = 0;
				GCC_PREPROCESSOR_DEFINITIONS = (
					"DEBUG=1",
					"$(inherited)",
				);
				GCC_WARN_64_TO_32_BIT_CONVERSION = YES;
				GCC_WARN_ABOUT_RETURN_TYPE = YES_ERROR;
				GCC_WARN_UNDECLARED_SELECTOR = YES;
				GCC_WARN_UNINITIALIZED_AUTOS = YES_AGGRESSIVE;
				GCC_WARN_UNUSED_FUNCTION = YES;
				GCC_WARN_UNUSED_VARIABLE = YES;
				IPHONEOS_DEPLOYMENT_TARGET = 16.4;
				MTL_ENABLE_DEBUG_INFO = INCLUDE_SOURCE;
				MTL_FAST_MATH = YES;
				ONLY_ACTIVE_ARCH = YES;
				SDKROOT = iphoneos;
				SWIFT_ACTIVE_COMPILATION_CONDITIONS = DEBUG;
				SWIFT_OPTIMIZATION_LEVEL = "-Onone";
			};
			name = Debug;
		};
		7CB20E0229F127DE0030424D /* Release */ = {
			isa = XCBuildConfiguration;
			buildSettings = {
				ALWAYS_SEARCH_USER_PATHS = NO;
				CLANG_ANALYZER_NONNULL = YES;
				CLANG_ANALYZER_NUMBER_OBJECT_CONVERSION = YES_AGGRESSIVE;
				CLANG_CXX_LANGUAGE_STANDARD = "gnu++20";
				CLANG_ENABLE_MODULES = YES;
				CLANG_ENABLE_OBJC_ARC = YES;
				CLANG_ENABLE_OBJC_WEAK = YES;
				CLANG_WARN_BLOCK_CAPTURE_AUTORELEASING = YES;
				CLANG_WARN_BOOL_CONVERSION = YES;
				CLANG_WARN_COMMA = YES;
				CLANG_WARN_CONSTANT_CONVERSION = YES;
				CLANG_WARN_DEPRECATED_OBJC_IMPLEMENTATIONS = YES;
				CLANG_WARN_DIRECT_OBJC_ISA_USAGE = YES_ERROR;
				CLANG_WARN_DOCUMENTATION_COMMENTS = YES;
				CLANG_WARN_EMPTY_BODY = YES;
				CLANG_WARN_ENUM_CONVERSION = YES;
				CLANG_WARN_INFINITE_RECURSION = YES;
				CLANG_WARN_INT_CONVERSION = YES;
				CLANG_WARN_NON_LITERAL_NULL_CONVERSION = YES;
				CLANG_WARN_OBJC_IMPLICIT_RETAIN_SELF = YES;
				CLANG_WARN_OBJC_LITERAL_CONVERSION = YES;
				CLANG_WARN_OBJC_ROOT_CLASS = YES_ERROR;
				CLANG_WARN_QUOTED_INCLUDE_IN_FRAMEWORK_HEADER = YES;
				CLANG_WARN_RANGE_LOOP_ANALYSIS = YES;
				CLANG_WARN_STRICT_PROTOTYPES = YES;
				CLANG_WARN_SUSPICIOUS_MOVE = YES;
				CLANG_WARN_UNGUARDED_AVAILABILITY = YES_AGGRESSIVE;
				CLANG_WARN_UNREACHABLE_CODE = YES;
				CLANG_WARN__DUPLICATE_METHOD_MATCH = YES;
				COPY_PHASE_STRIP = NO;
				DEBUG_INFORMATION_FORMAT = "dwarf-with-dsym";
				ENABLE_NS_ASSERTIONS = NO;
				ENABLE_STRICT_OBJC_MSGSEND = YES;
				GCC_C_LANGUAGE_STANDARD = gnu11;
				GCC_NO_COMMON_BLOCKS = YES;
				GCC_WARN_64_TO_32_BIT_CONVERSION = YES;
				GCC_WARN_ABOUT_RETURN_TYPE = YES_ERROR;
				GCC_WARN_UNDECLARED_SELECTOR = YES;
				GCC_WARN_UNINITIALIZED_AUTOS = YES_AGGRESSIVE;
				GCC_WARN_UNUSED_FUNCTION = YES;
				GCC_WARN_UNUSED_VARIABLE = YES;
				IPHONEOS_DEPLOYMENT_TARGET = 16.4;
				MTL_ENABLE_DEBUG_INFO = NO;
				MTL_FAST_MATH = YES;
				SDKROOT = iphoneos;
				SWIFT_COMPILATION_MODE = wholemodule;
				SWIFT_OPTIMIZATION_LEVEL = "-O";
				VALIDATE_PRODUCT = YES;
			};
			name = Release;
		};
		7CB20E0429F127DE0030424D /* Debug */ = {
			isa = XCBuildConfiguration;
			baseConfigurationReference = 335DC8231C122206EE0E078A /* Pods-TunerTest.debug.xcconfig */;
			buildSettings = {
				ASSETCATALOG_COMPILER_APPICON_NAME = AppIcon;
				ASSETCATALOG_COMPILER_GLOBAL_ACCENT_COLOR_NAME = AccentColor;
				CODE_SIGN_STYLE = Automatic;
				CURRENT_PROJECT_VERSION = 1;
				DEVELOPMENT_ASSET_PATHS = "\"TunerTest/Preview Content\"";
				DEVELOPMENT_TEAM = CLM5L23Y57;
				ENABLE_PREVIEWS = YES;
				GENERATE_INFOPLIST_FILE = YES;
				INFOPLIST_KEY_NSMicrophoneUsageDescription = "Please let me use your mike";
				INFOPLIST_KEY_UIApplicationSceneManifest_Generation = YES;
				INFOPLIST_KEY_UIApplicationSupportsIndirectInputEvents = YES;
				INFOPLIST_KEY_UILaunchScreen_Generation = YES;
				INFOPLIST_KEY_UISupportedInterfaceOrientations_iPad = "UIInterfaceOrientationPortrait UIInterfaceOrientationPortraitUpsideDown UIInterfaceOrientationLandscapeLeft UIInterfaceOrientationLandscapeRight";
				INFOPLIST_KEY_UISupportedInterfaceOrientations_iPhone = "UIInterfaceOrientationPortrait UIInterfaceOrientationLandscapeLeft UIInterfaceOrientationLandscapeRight";
				IPHONEOS_DEPLOYMENT_TARGET = 16.1;
				LD_RUNPATH_SEARCH_PATHS = (
					"$(inherited)",
					"@executable_path/Frameworks",
				);
				MARKETING_VERSION = 1.0;
				PRODUCT_BUNDLE_IDENTIFIER = co.uk.lorenzopolato.TunerTest;
				PRODUCT_NAME = "$(TARGET_NAME)";
				SWIFT_EMIT_LOC_STRINGS = YES;
				SWIFT_VERSION = 5.0;
				TARGETED_DEVICE_FAMILY = "1,2";
			};
			name = Debug;
		};
		7CB20E0529F127DE0030424D /* Release */ = {
			isa = XCBuildConfiguration;
			baseConfigurationReference = 67E1F7C6A44FAE2335118AA0 /* Pods-TunerTest.release.xcconfig */;
			buildSettings = {
				ASSETCATALOG_COMPILER_APPICON_NAME = AppIcon;
				ASSETCATALOG_COMPILER_GLOBAL_ACCENT_COLOR_NAME = AccentColor;
				CODE_SIGN_STYLE = Automatic;
				CURRENT_PROJECT_VERSION = 1;
				DEVELOPMENT_ASSET_PATHS = "\"TunerTest/Preview Content\"";
				DEVELOPMENT_TEAM = CLM5L23Y57;
				ENABLE_PREVIEWS = YES;
				GENERATE_INFOPLIST_FILE = YES;
				INFOPLIST_KEY_NSMicrophoneUsageDescription = "Please let me use your mike";
				INFOPLIST_KEY_UIApplicationSceneManifest_Generation = YES;
				INFOPLIST_KEY_UIApplicationSupportsIndirectInputEvents = YES;
				INFOPLIST_KEY_UILaunchScreen_Generation = YES;
				INFOPLIST_KEY_UISupportedInterfaceOrientations_iPad = "UIInterfaceOrientationPortrait UIInterfaceOrientationPortraitUpsideDown UIInterfaceOrientationLandscapeLeft UIInterfaceOrientationLandscapeRight";
				INFOPLIST_KEY_UISupportedInterfaceOrientations_iPhone = "UIInterfaceOrientationPortrait UIInterfaceOrientationLandscapeLeft UIInterfaceOrientationLandscapeRight";
				IPHONEOS_DEPLOYMENT_TARGET = 16.1;
				LD_RUNPATH_SEARCH_PATHS = (
					"$(inherited)",
					"@executable_path/Frameworks",
				);
				MARKETING_VERSION = 1.0;
				PRODUCT_BUNDLE_IDENTIFIER = co.uk.lorenzopolato.TunerTest;
				PRODUCT_NAME = "$(TARGET_NAME)";
				SWIFT_EMIT_LOC_STRINGS = YES;
				SWIFT_VERSION = 5.0;
				TARGETED_DEVICE_FAMILY = "1,2";
			};
			name = Release;
		};
/* End XCBuildConfiguration section */

/* Begin XCConfigurationList section */
		7CB20DF029F127DC0030424D /* Build configuration list for PBXProject "TunerTest" */ = {
			isa = XCConfigurationList;
			buildConfigurations = (
				7CB20E0129F127DE0030424D /* Debug */,
				7CB20E0229F127DE0030424D /* Release */,
			);
			defaultConfigurationIsVisible = 0;
			defaultConfigurationName = Release;
		};
		7CB20E0329F127DE0030424D /* Build configuration list for PBXNativeTarget "TunerTest" */ = {
			isa = XCConfigurationList;
			buildConfigurations = (
				7CB20E0429F127DE0030424D /* Debug */,
				7CB20E0529F127DE0030424D /* Release */,
			);
			defaultConfigurationIsVisible = 0;
			defaultConfigurationName = Release;
		};
/* End XCConfigurationList section */
	};
	rootObject = 7CB20DED29F127DC0030424D /* Project object */;
}
